
Microsoft Visual Studio Solution File, Format Version 12.00
# Visual Studio Version 17
VisualStudioVersion = 17.6.33829.357
MinimumVisualStudioVersion = 10.0.40219.1
Project("{2150E333-8FDC-42A3-9474-1A3956D46DE8}") = "src", "src", "{1073C64C-E9FE-433C-B07C-0A3497E3B780}"
EndProject
Project("{9A19103F-16F7-4668-BE54-9A1E7A4F7556}") = "AuctionService", "src\AuctionService\AuctionService.csproj", "{1C5942E7-8755-429E-8E49-15903AAD599B}"
EndProject
Project("{9A19103F-16F7-4668-BE54-9A1E7A4F7556}") = "SearchService", "src\SearchService\SearchService.csproj", "{BCD608B3-888B-4B81-921D-1A2A49E9978F}"
EndProject
Project("{9A19103F-16F7-4668-BE54-9A1E7A4F7556}") = "IdentityService", "src\IdentityService\IdentityService.csproj", "{39EEB4E9-130F-4387-8585-252821379BE0}"
EndProject
Project("{9A19103F-16F7-4668-BE54-9A1E7A4F7556}") = "GatewayService", "src\GatewayService\GatewayService.csproj", "{BCC08320-1C41-4529-B366-94D4D65D373E}"
EndProject
Project("{9A19103F-16F7-4668-BE54-9A1E7A4F7556}") = "BiddingService", "src\BiddingService\BiddingService.csproj", "{F6252C13-7BE0-44D8-945C-D9FE7D0CF4EC}"
EndProject
Project("{9A19103F-16F7-4668-BE54-9A1E7A4F7556}") = "NotificationService", "src\NotificationService\NotificationService.csproj", "{8E64C217-46D4-46DE-87E2-08403C8E4E7F}"
EndProject
Project("{2150E333-8FDC-42A3-9474-1A3956D46DE8}") = "tests", "tests", "{6EA48853-1B3A-4204-8EEB-0452A037C765}"
EndProject
Project("{9A19103F-16F7-4668-BE54-9A1E7A4F7556}") = "AuctionService.UnitTests", "tests\AuctionService.UnitTests\AuctionService.UnitTests.csproj", "{30995DC5-8A50-4982-9D77-7FF3132E8B7D}"
EndProject
Project("{9A19103F-16F7-4668-BE54-9A1E7A4F7556}") = "AuctionService.IntegrationTests", "tests\AuctionService.IntegrationTests\AuctionService.IntegrationTests.csproj", "{7C898BF0-B614-43CA-A2C4-7F42B8B7F1E6}"
EndProject
Global
	GlobalSection(SolutionConfigurationPlatforms) = preSolution
		Debug|Any CPU = Debug|Any CPU
		Release|Any CPU = Release|Any CPU
	EndGlobalSection
	GlobalSection(ProjectConfigurationPlatforms) = postSolution
		{1C5942E7-8755-429E-8E49-15903AAD599B}.Debug|Any CPU.ActiveCfg = Debug|Any CPU
		{1C5942E7-8755-429E-8E49-15903AAD599B}.Debug|Any CPU.Build.0 = Debug|Any CPU
		{1C5942E7-8755-429E-8E49-15903AAD599B}.Release|Any CPU.ActiveCfg = Release|Any CPU
		{1C5942E7-8755-429E-8E49-15903AAD599B}.Release|Any CPU.Build.0 = Release|Any CPU
		{BCD608B3-888B-4B81-921D-1A2A49E9978F}.Debug|Any CPU.ActiveCfg = Debug|Any CPU
		{BCD608B3-888B-4B81-921D-1A2A49E9978F}.Debug|Any CPU.Build.0 = Debug|Any CPU
		{BCD608B3-888B-4B81-921D-1A2A49E9978F}.Release|Any CPU.ActiveCfg = Release|Any CPU
		{BCD608B3-888B-4B81-921D-1A2A49E9978F}.Release|Any CPU.Build.0 = Release|Any CPU
		{39EEB4E9-130F-4387-8585-252821379BE0}.Debug|Any CPU.ActiveCfg = Debug|Any CPU
		{39EEB4E9-130F-4387-8585-252821379BE0}.Debug|Any CPU.Build.0 = Debug|Any CPU
		{39EEB4E9-130F-4387-8585-252821379BE0}.Release|Any CPU.ActiveCfg = Release|Any CPU
		{39EEB4E9-130F-4387-8585-252821379BE0}.Release|Any CPU.Build.0 = Release|Any CPU
		{BCC08320-1C41-4529-B366-94D4D65D373E}.Debug|Any CPU.ActiveCfg = Debug|Any CPU
		{BCC08320-1C41-4529-B366-94D4D65D373E}.Debug|Any CPU.Build.0 = Debug|Any CPU
		{BCC08320-1C41-4529-B366-94D4D65D373E}.Release|Any CPU.ActiveCfg = Release|Any CPU
		{BCC08320-1C41-4529-B366-94D4D65D373E}.Release|Any CPU.Build.0 = Release|Any CPU
		{F6252C13-7BE0-44D8-945C-D9FE7D0CF4EC}.Debug|Any CPU.ActiveCfg = Debug|Any CPU
		{F6252C13-7BE0-44D8-945C-D9FE7D0CF4EC}.Debug|Any CPU.Build.0 = Debug|Any CPU
		{F6252C13-7BE0-44D8-945C-D9FE7D0CF4EC}.Release|Any CPU.ActiveCfg = Release|Any CPU
		{F6252C13-7BE0-44D8-945C-D9FE7D0CF4EC}.Release|Any CPU.Build.0 = Release|Any CPU
		{8E64C217-46D4-46DE-87E2-08403C8E4E7F}.Debug|Any CPU.ActiveCfg = Debug|Any CPU
		{8E64C217-46D4-46DE-87E2-08403C8E4E7F}.Debug|Any CPU.Build.0 = Debug|Any CPU
		{8E64C217-46D4-46DE-87E2-08403C8E4E7F}.Release|Any CPU.ActiveCfg = Release|Any CPU
		{8E64C217-46D4-46DE-87E2-08403C8E4E7F}.Release|Any CPU.Build.0 = Release|Any CPU
		{30995DC5-8A50-4982-9D77-7FF3132E8B7D}.Debug|Any CPU.ActiveCfg = Debug|Any CPU
		{30995DC5-8A50-4982-9D77-7FF3132E8B7D}.Debug|Any CPU.Build.0 = Debug|Any CPU
		{30995DC5-8A50-4982-9D77-7FF3132E8B7D}.Release|Any CPU.ActiveCfg = Release|Any CPU
		{30995DC5-8A50-4982-9D77-7FF3132E8B7D}.Release|Any CPU.Build.0 = Release|Any CPU
		{7C898BF0-B614-43CA-A2C4-7F42B8B7F1E6}.Debug|Any CPU.ActiveCfg = Debug|Any CPU
		{7C898BF0-B614-43CA-A2C4-7F42B8B7F1E6}.Debug|Any CPU.Build.0 = Debug|Any CPU
		{7C898BF0-B614-43CA-A2C4-7F42B8B7F1E6}.Release|Any CPU.ActiveCfg = Release|Any CPU
		{7C898BF0-B614-43CA-A2C4-7F42B8B7F1E6}.Release|Any CPU.Build.0 = Release|Any CPU
	EndGlobalSection
	GlobalSection(SolutionProperties) = preSolution
		HideSolutionNode = FALSE
	EndGlobalSection
	GlobalSection(NestedProjects) = preSolution
		{1C5942E7-8755-429E-8E49-15903AAD599B} = {1073C64C-E9FE-433C-B07C-0A3497E3B780}
		{BCD608B3-888B-4B81-921D-1A2A49E9978F} = {1073C64C-E9FE-433C-B07C-0A3497E3B780}
		{39EEB4E9-130F-4387-8585-252821379BE0} = {1073C64C-E9FE-433C-B07C-0A3497E3B780}
		{BCC08320-1C41-4529-B366-94D4D65D373E} = {1073C64C-E9FE-433C-B07C-0A3497E3B780}
		{F6252C13-7BE0-44D8-945C-D9FE7D0CF4EC} = {1073C64C-E9FE-433C-B07C-0A3497E3B780}
		{8E64C217-46D4-46DE-87E2-08403C8E4E7F} = {1073C64C-E9FE-433C-B07C-0A3497E3B780}
		{30995DC5-8A50-4982-9D77-7FF3132E8B7D} = {6EA48853-1B3A-4204-8EEB-0452A037C765}
		{7C898BF0-B614-43CA-A2C4-7F42B8B7F1E6} = {6EA48853-1B3A-4204-8EEB-0452A037C765}
	EndGlobalSection
	GlobalSection(ExtensibilityGlobals) = postSolution
		SolutionGuid = {9CE3CE61-BA10-4E37-B5B8-14BA6C1D7264}
	EndGlobalSection
EndGlobal
