
Microsoft Visual Studio Solution File, Format Version 12.00
# Visual Studio Version 17
VisualStudioVersion = 17.6.33829.357
MinimumVisualStudioVersion = 10.0.40219.1
Project("{2150E333-8FDC-42A3-9474-1A3956D46DE8}") = "src", "src", "{1073C64C-E9FE-433C-B07C-0A3497E3B780}"
EndProject
Project("{FAE04EC0-301F-11D3-BF4B-00C04F79EFBC}") = "AuctionService", "src\AuctionService\AuctionService.csproj", "{1C5942E7-8755-429E-8E49-15903AAD599B}"
EndProject
Global
	GlobalSection(SolutionConfigurationPlatforms) = preSolution
		Debug|Any CPU = Debug|Any CPU
		Release|Any CPU = Release|Any CPU
	EndGlobalSection
	GlobalSection(ProjectConfigurationPlatforms) = postSolution
		{1C5942E7-8755-429E-8E49-15903AAD599B}.Debug|Any CPU.ActiveCfg = Debug|Any CPU
		{1C5942E7-8755-429E-8E49-15903AAD599B}.Debug|Any CPU.Build.0 = Debug|Any CPU
		{1C5942E7-8755-429E-8E49-15903AAD599B}.Release|Any CPU.ActiveCfg = Release|Any CPU
		{1C5942E7-8755-429E-8E49-15903AAD599B}.Release|Any CPU.Build.0 = Release|Any CPU
	EndGlobalSection
	GlobalSection(SolutionProperties) = preSolution
		HideSolutionNode = FALSE
	EndGlobalSection
	GlobalSection(NestedProjects) = preSolution
		{1C5942E7-8755-429E-8E49-15903AAD599B} = {1073C64C-E9FE-433C-B07C-0A3497E3B780}
	EndGlobalSection
	GlobalSection(ExtensibilityGlobals) = postSolution
		SolutionGuid = {9CE3CE61-BA10-4E37-B5B8-14BA6C1D7264}
	EndGlobalSection
EndGlobal
